
Microsoft Visual Studio Solution File, Format Version 12.00
# Visual Studio 14
VisualStudioVersion = 14.0.25420.1
MinimumVisualStudioVersion = 10.0.40219.1
Project("{FAE04EC0-301F-11D3-BF4B-00C04F79EFBC}") = "SistemaPractica", "SistemaPractica\SistemaPractica.csproj", "{9DAB1668-3306-41F5-B423-CFD6DBC264FC}"
EndProject
Project("{FAE04EC0-301F-11D3-BF4B-00C04F79EFBC}") = "Controller", "Controller\Controller.csproj", "{C5DE2ACB-5DB1-43AA-833C-BBCCED25FFE8}"
EndProject
Project("{FAE04EC0-301F-11D3-BF4B-00C04F79EFBC}") = "Model", "Model\Model.csproj", "{76239D41-448D-4AF0-A853-82028E1AB877}"
EndProject
Global
	GlobalSection(SolutionConfigurationPlatforms) = preSolution
		Debug|Any CPU = Debug|Any CPU
		Release|Any CPU = Release|Any CPU
	EndGlobalSection
	GlobalSection(ProjectConfigurationPlatforms) = postSolution
		{9DAB1668-3306-41F5-B423-CFD6DBC264FC}.Debug|Any CPU.ActiveCfg = Debug|Any CPU
		{9DAB1668-3306-41F5-B423-CFD6DBC264FC}.Debug|Any CPU.Build.0 = Debug|Any CPU
		{9DAB1668-3306-41F5-B423-CFD6DBC264FC}.Release|Any CPU.ActiveCfg = Release|Any CPU
		{9DAB1668-3306-41F5-B423-CFD6DBC264FC}.Release|Any CPU.Build.0 = Release|Any CPU
		{C5DE2ACB-5DB1-43AA-833C-BBCCED25FFE8}.Debug|Any CPU.ActiveCfg = Debug|Any CPU
		{C5DE2ACB-5DB1-43AA-833C-BBCCED25FFE8}.Debug|Any CPU.Build.0 = Debug|Any CPU
		{C5DE2ACB-5DB1-43AA-833C-BBCCED25FFE8}.Release|Any CPU.ActiveCfg = Release|Any CPU
		{C5DE2ACB-5DB1-43AA-833C-BBCCED25FFE8}.Release|Any CPU.Build.0 = Release|Any CPU
		{76239D41-448D-4AF0-A853-82028E1AB877}.Debug|Any CPU.ActiveCfg = Debug|Any CPU
		{76239D41-448D-4AF0-A853-82028E1AB877}.Debug|Any CPU.Build.0 = Debug|Any CPU
		{76239D41-448D-4AF0-A853-82028E1AB877}.Release|Any CPU.ActiveCfg = Release|Any CPU
		{76239D41-448D-4AF0-A853-82028E1AB877}.Release|Any CPU.Build.0 = Release|Any CPU
	EndGlobalSection
	GlobalSection(SolutionProperties) = preSolution
		HideSolutionNode = FALSE
	EndGlobalSection
EndGlobal
