
Microsoft Visual Studio Solution File, Format Version 12.00
# Visual Studio 2013
VisualStudioVersion = 12.0.21005.1
MinimumVisualStudioVersion = 10.0.40219.1
Project("{FAE04EC0-301F-11D3-BF4B-00C04F79EFBC}") = "TeamCellAplicationBase", "TeamCellAplicationBase\TeamCellAplicationBase.csproj", "{74747915-7F9F-4D23-A088-0511B9A0236B}"
EndProject
Project("{FAE04EC0-301F-11D3-BF4B-00C04F79EFBC}") = "Controller", "Controller\Controller.csproj", "{E590BBF5-9C0F-481E-B2A5-8354363B7084}"
EndProject
Project("{FAE04EC0-301F-11D3-BF4B-00C04F79EFBC}") = "DataBase", "DataBase\DataBase.csproj", "{A355A5D4-4091-4F45-8476-D43DA211AD5F}"
EndProject
Global
	GlobalSection(SolutionConfigurationPlatforms) = preSolution
		Debug|Any CPU = Debug|Any CPU
		Release|Any CPU = Release|Any CPU
	EndGlobalSection
	GlobalSection(ProjectConfigurationPlatforms) = postSolution
		{74747915-7F9F-4D23-A088-0511B9A0236B}.Debug|Any CPU.ActiveCfg = Debug|Any CPU
		{74747915-7F9F-4D23-A088-0511B9A0236B}.Debug|Any CPU.Build.0 = Debug|Any CPU
		{74747915-7F9F-4D23-A088-0511B9A0236B}.Release|Any CPU.ActiveCfg = Release|Any CPU
		{74747915-7F9F-4D23-A088-0511B9A0236B}.Release|Any CPU.Build.0 = Release|Any CPU
		{E590BBF5-9C0F-481E-B2A5-8354363B7084}.Debug|Any CPU.ActiveCfg = Debug|Any CPU
		{E590BBF5-9C0F-481E-B2A5-8354363B7084}.Debug|Any CPU.Build.0 = Debug|Any CPU
		{E590BBF5-9C0F-481E-B2A5-8354363B7084}.Release|Any CPU.ActiveCfg = Release|Any CPU
		{E590BBF5-9C0F-481E-B2A5-8354363B7084}.Release|Any CPU.Build.0 = Release|Any CPU
		{A355A5D4-4091-4F45-8476-D43DA211AD5F}.Debug|Any CPU.ActiveCfg = Debug|Any CPU
		{A355A5D4-4091-4F45-8476-D43DA211AD5F}.Debug|Any CPU.Build.0 = Debug|Any CPU
		{A355A5D4-4091-4F45-8476-D43DA211AD5F}.Release|Any CPU.ActiveCfg = Release|Any CPU
		{A355A5D4-4091-4F45-8476-D43DA211AD5F}.Release|Any CPU.Build.0 = Release|Any CPU
	EndGlobalSection
	GlobalSection(SolutionProperties) = preSolution
		HideSolutionNode = FALSE
	EndGlobalSection
EndGlobal
