
Microsoft Visual Studio Solution File, Format Version 12.00
# Visual Studio 2013
VisualStudioVersion = 12.0.21005.1
MinimumVisualStudioVersion = 10.0.40219.1
Project("{F184B08F-C81C-45F6-A57F-5ABD9991F28F}") = "pruebaAsinc", "pruebaAsinc\pruebaAsinc.vbproj", "{4DFF5755-750F-4183-A8FE-DF9651516B5E}"
EndProject
Project("{F184B08F-C81C-45F6-A57F-5ABD9991F28F}") = "Controller", "Controller\Controller.vbproj", "{4EB0AE25-86E2-4DC2-AB16-A8D51AB8861D}"
EndProject
Project("{F184B08F-C81C-45F6-A57F-5ABD9991F28F}") = "Models", "Models\Models.vbproj", "{097DD6A8-958F-4C7B-94F9-E4AE69DD2B21}"
EndProject
Global
	GlobalSection(SolutionConfigurationPlatforms) = preSolution
		Debug|Any CPU = Debug|Any CPU
		Release|Any CPU = Release|Any CPU
	EndGlobalSection
	GlobalSection(ProjectConfigurationPlatforms) = postSolution
		{4DFF5755-750F-4183-A8FE-DF9651516B5E}.Debug|Any CPU.ActiveCfg = Debug|Any CPU
		{4DFF5755-750F-4183-A8FE-DF9651516B5E}.Debug|Any CPU.Build.0 = Debug|Any CPU
		{4DFF5755-750F-4183-A8FE-DF9651516B5E}.Release|Any CPU.ActiveCfg = Release|Any CPU
		{4DFF5755-750F-4183-A8FE-DF9651516B5E}.Release|Any CPU.Build.0 = Release|Any CPU
		{4EB0AE25-86E2-4DC2-AB16-A8D51AB8861D}.Debug|Any CPU.ActiveCfg = Debug|Any CPU
		{4EB0AE25-86E2-4DC2-AB16-A8D51AB8861D}.Debug|Any CPU.Build.0 = Debug|Any CPU
		{4EB0AE25-86E2-4DC2-AB16-A8D51AB8861D}.Release|Any CPU.ActiveCfg = Release|Any CPU
		{4EB0AE25-86E2-4DC2-AB16-A8D51AB8861D}.Release|Any CPU.Build.0 = Release|Any CPU
		{097DD6A8-958F-4C7B-94F9-E4AE69DD2B21}.Debug|Any CPU.ActiveCfg = Debug|Any CPU
		{097DD6A8-958F-4C7B-94F9-E4AE69DD2B21}.Debug|Any CPU.Build.0 = Debug|Any CPU
		{097DD6A8-958F-4C7B-94F9-E4AE69DD2B21}.Release|Any CPU.ActiveCfg = Release|Any CPU
		{097DD6A8-958F-4C7B-94F9-E4AE69DD2B21}.Release|Any CPU.Build.0 = Release|Any CPU
	EndGlobalSection
	GlobalSection(SolutionProperties) = preSolution
		HideSolutionNode = FALSE
	EndGlobalSection
EndGlobal
